
Microsoft Visual Studio Solution File, Format Version 12.00
# Visual Studio 14
VisualStudioVersion = 14.0.23107.0
MinimumVisualStudioVersion = 10.0.40219.1
Project("{FAE04EC0-301F-11D3-BF4B-00C04F79EFBC}") = "PivotBusiness", "PivotBusiness\PivotBusiness.csproj", "{50C5F2D1-079D-4558-A2AA-7C32435E1363}"
EndProject
Project("{FAE04EC0-301F-11D3-BF4B-00C04F79EFBC}") = "PivotDomain", "PivotDomain\PivotDomain.csproj", "{1B28B6F0-05F8-4A82-9B64-796845B30419}"
EndProject
Project("{FAE04EC0-301F-11D3-BF4B-00C04F79EFBC}") = "PivotData", "PivotData\PivotData.csproj", "{35C593C1-2CA7-4A43-A315-D883C9CC758E}"
EndProject
Project("{00D1A9C2-B5F0-4AF3-8072-F6C62B433612}") = "PivotDatabase", "PivotDatabase\PivotDatabase.sqlproj", "{1EE770C9-74DE-4F6C-9F8F-671329EF5A0A}"
EndProject
Project("{FAE04EC0-301F-11D3-BF4B-00C04F79EFBC}") = "PivotService.WCF", "PivotService.Wcf\PivotService.WCF.csproj", "{6D3B832F-2031-410A-8967-A16428EB46BB}"
EndProject
Project("{FAE04EC0-301F-11D3-BF4B-00C04F79EFBC}") = "PivotService", "PivotService\PivotService.csproj", "{F18B0AA4-D973-4543-BEFC-D274D686CC1B}"
EndProject
Global
	GlobalSection(SolutionConfigurationPlatforms) = preSolution
		Debug|Any CPU = Debug|Any CPU
		DebugUSA|Any CPU = DebugUSA|Any CPU
		QaUSA|Any CPU = QaUSA|Any CPU
		Release|Any CPU = Release|Any CPU
	EndGlobalSection
	GlobalSection(ProjectConfigurationPlatforms) = postSolution
		{50C5F2D1-079D-4558-A2AA-7C32435E1363}.Debug|Any CPU.ActiveCfg = Debug|Any CPU
		{50C5F2D1-079D-4558-A2AA-7C32435E1363}.Debug|Any CPU.Build.0 = Debug|Any CPU
		{50C5F2D1-079D-4558-A2AA-7C32435E1363}.DebugUSA|Any CPU.ActiveCfg = DebugUSA|Any CPU
		{50C5F2D1-079D-4558-A2AA-7C32435E1363}.DebugUSA|Any CPU.Build.0 = DebugUSA|Any CPU
		{50C5F2D1-079D-4558-A2AA-7C32435E1363}.QaUSA|Any CPU.ActiveCfg = QaUSA|Any CPU
		{50C5F2D1-079D-4558-A2AA-7C32435E1363}.QaUSA|Any CPU.Build.0 = QaUSA|Any CPU
		{50C5F2D1-079D-4558-A2AA-7C32435E1363}.Release|Any CPU.ActiveCfg = Release|Any CPU
		{50C5F2D1-079D-4558-A2AA-7C32435E1363}.Release|Any CPU.Build.0 = Release|Any CPU
		{1B28B6F0-05F8-4A82-9B64-796845B30419}.Debug|Any CPU.ActiveCfg = Debug|Any CPU
		{1B28B6F0-05F8-4A82-9B64-796845B30419}.Debug|Any CPU.Build.0 = Debug|Any CPU
		{1B28B6F0-05F8-4A82-9B64-796845B30419}.DebugUSA|Any CPU.ActiveCfg = DebugUSA|Any CPU
		{1B28B6F0-05F8-4A82-9B64-796845B30419}.DebugUSA|Any CPU.Build.0 = DebugUSA|Any CPU
		{1B28B6F0-05F8-4A82-9B64-796845B30419}.QaUSA|Any CPU.ActiveCfg = QaUSA|Any CPU
		{1B28B6F0-05F8-4A82-9B64-796845B30419}.QaUSA|Any CPU.Build.0 = QaUSA|Any CPU
		{1B28B6F0-05F8-4A82-9B64-796845B30419}.Release|Any CPU.ActiveCfg = Release|Any CPU
		{1B28B6F0-05F8-4A82-9B64-796845B30419}.Release|Any CPU.Build.0 = Release|Any CPU
		{35C593C1-2CA7-4A43-A315-D883C9CC758E}.Debug|Any CPU.ActiveCfg = Debug|Any CPU
		{35C593C1-2CA7-4A43-A315-D883C9CC758E}.Debug|Any CPU.Build.0 = Debug|Any CPU
		{35C593C1-2CA7-4A43-A315-D883C9CC758E}.DebugUSA|Any CPU.ActiveCfg = DebugUSA|Any CPU
		{35C593C1-2CA7-4A43-A315-D883C9CC758E}.DebugUSA|Any CPU.Build.0 = DebugUSA|Any CPU
		{35C593C1-2CA7-4A43-A315-D883C9CC758E}.QaUSA|Any CPU.ActiveCfg = QaUSA|Any CPU
		{35C593C1-2CA7-4A43-A315-D883C9CC758E}.QaUSA|Any CPU.Build.0 = QaUSA|Any CPU
		{35C593C1-2CA7-4A43-A315-D883C9CC758E}.Release|Any CPU.ActiveCfg = Release|Any CPU
		{35C593C1-2CA7-4A43-A315-D883C9CC758E}.Release|Any CPU.Build.0 = Release|Any CPU
		{1EE770C9-74DE-4F6C-9F8F-671329EF5A0A}.Debug|Any CPU.ActiveCfg = Debug|Any CPU
		{1EE770C9-74DE-4F6C-9F8F-671329EF5A0A}.Debug|Any CPU.Build.0 = Debug|Any CPU
		{1EE770C9-74DE-4F6C-9F8F-671329EF5A0A}.Debug|Any CPU.Deploy.0 = Debug|Any CPU
		{1EE770C9-74DE-4F6C-9F8F-671329EF5A0A}.DebugUSA|Any CPU.ActiveCfg = DebugUSA|Any CPU
		{1EE770C9-74DE-4F6C-9F8F-671329EF5A0A}.DebugUSA|Any CPU.Build.0 = DebugUSA|Any CPU
		{1EE770C9-74DE-4F6C-9F8F-671329EF5A0A}.DebugUSA|Any CPU.Deploy.0 = DebugUSA|Any CPU
		{1EE770C9-74DE-4F6C-9F8F-671329EF5A0A}.QaUSA|Any CPU.ActiveCfg = QaUSA|Any CPU
		{1EE770C9-74DE-4F6C-9F8F-671329EF5A0A}.QaUSA|Any CPU.Build.0 = QaUSA|Any CPU
		{1EE770C9-74DE-4F6C-9F8F-671329EF5A0A}.QaUSA|Any CPU.Deploy.0 = QaUSA|Any CPU
		{1EE770C9-74DE-4F6C-9F8F-671329EF5A0A}.Release|Any CPU.ActiveCfg = Release|Any CPU
		{1EE770C9-74DE-4F6C-9F8F-671329EF5A0A}.Release|Any CPU.Build.0 = Release|Any CPU
		{1EE770C9-74DE-4F6C-9F8F-671329EF5A0A}.Release|Any CPU.Deploy.0 = Release|Any CPU
		{6D3B832F-2031-410A-8967-A16428EB46BB}.Debug|Any CPU.ActiveCfg = Debug|Any CPU
		{6D3B832F-2031-410A-8967-A16428EB46BB}.Debug|Any CPU.Build.0 = Debug|Any CPU
		{6D3B832F-2031-410A-8967-A16428EB46BB}.DebugUSA|Any CPU.ActiveCfg = DebugUSA|Any CPU
		{6D3B832F-2031-410A-8967-A16428EB46BB}.DebugUSA|Any CPU.Build.0 = DebugUSA|Any CPU
		{6D3B832F-2031-410A-8967-A16428EB46BB}.QaUSA|Any CPU.ActiveCfg = QaUSA|Any CPU
		{6D3B832F-2031-410A-8967-A16428EB46BB}.QaUSA|Any CPU.Build.0 = QaUSA|Any CPU
		{6D3B832F-2031-410A-8967-A16428EB46BB}.Release|Any CPU.ActiveCfg = Release|Any CPU
		{6D3B832F-2031-410A-8967-A16428EB46BB}.Release|Any CPU.Build.0 = Release|Any CPU
		{F18B0AA4-D973-4543-BEFC-D274D686CC1B}.Debug|Any CPU.ActiveCfg = Debug|Any CPU
		{F18B0AA4-D973-4543-BEFC-D274D686CC1B}.Debug|Any CPU.Build.0 = Debug|Any CPU
		{F18B0AA4-D973-4543-BEFC-D274D686CC1B}.DebugUSA|Any CPU.ActiveCfg = Debug|Any CPU
		{F18B0AA4-D973-4543-BEFC-D274D686CC1B}.DebugUSA|Any CPU.Build.0 = Debug|Any CPU
		{F18B0AA4-D973-4543-BEFC-D274D686CC1B}.QaUSA|Any CPU.ActiveCfg = Release|Any CPU
		{F18B0AA4-D973-4543-BEFC-D274D686CC1B}.QaUSA|Any CPU.Build.0 = Release|Any CPU
		{F18B0AA4-D973-4543-BEFC-D274D686CC1B}.Release|Any CPU.ActiveCfg = Release|Any CPU
		{F18B0AA4-D973-4543-BEFC-D274D686CC1B}.Release|Any CPU.Build.0 = Release|Any CPU
	EndGlobalSection
	GlobalSection(SolutionProperties) = preSolution
		HideSolutionNode = FALSE
	EndGlobalSection
EndGlobal
